
Microsoft Visual Studio Solution File, Format Version 12.00
# Visual Studio Version 17
VisualStudioVersion = 17.13.35931.197
MinimumVisualStudioVersion = 10.0.40219.1
Project("{8BC9CEB8-8B4A-11D0-8D11-00A0C91BC942}") = "Project2", "Project2\Project2.vcxproj", "{BBE01B5B-1BA8-42FF-B82A-31C025E396F7}"
EndProject
Global
	GlobalSection(SolutionConfigurationPlatforms) = preSolution
		Debug|x64 = Debug|x64
		Debug|x86 = Debug|x86
		Release|x64 = Release|x64
		Release|x86 = Release|x86
	EndGlobalSection
	GlobalSection(ProjectConfigurationPlatforms) = postSolution
		{BBE01B5B-1BA8-42FF-B82A-31C025E396F7}.Debug|x64.ActiveCfg = Debug|Win32
		{BBE01B5B-1BA8-42FF-B82A-31C025E396F7}.Debug|x64.Build.0 = Debug|Win32
		{BBE01B5B-1BA8-42FF-B82A-31C025E396F7}.Debug|x86.ActiveCfg = Debug|Win32
		{BBE01B5B-1BA8-42FF-B82A-31C025E396F7}.Debug|x86.Build.0 = Debug|Win32
		{BBE01B5B-1BA8-42FF-B82A-31C025E396F7}.Release|x64.ActiveCfg = Release|x64
		{BBE01B5B-1BA8-42FF-B82A-31C025E396F7}.Release|x64.Build.0 = Release|x64
		{BBE01B5B-1BA8-42FF-B82A-31C025E396F7}.Release|x86.ActiveCfg = Release|Win32
		{BBE01B5B-1BA8-42FF-B82A-31C025E396F7}.Release|x86.Build.0 = Release|Win32
	EndGlobalSection
	GlobalSection(SolutionProperties) = preSolution
		HideSolutionNode = FALSE
	EndGlobalSection
	GlobalSection(ExtensibilityGlobals) = postSolution
		SolutionGuid = {99D245BD-C755-4CDD-B386-961039775DA1}
	EndGlobalSection
EndGlobal
